#
# This file is autogenerated by pip-compile with Python 3.12
# by the following command:
#
#    pip-compile --output-file=requirements.lock requirements.txt
#
annotated-doc==0.0.5
    # via fastapi
annotated-types==0.8.0
    # via pydantic
anyio==4.14.2
    # via
    #   google-genai
    #   groq
    #   httpx
    #   langsmith
    #   starlette
    #   watchfiles
certifi==2026.7.22
    # via
    #   cloudinary
    #   httpcore
    #   httpx
    #   requests
cffi==2.1.1
    # via cryptography
charset-normalizer==3.5.1
    # via requests
click==8.4.2
    # via uvicorn
cloudinary==1.46.0
    # via -r requirements.txt
cryptography==50.0.0
    # via google-auth
distro==1.9.0
    # via
    #   google-genai
    #   groq
    #   langsmith
fastapi==0.141.1
    # via -r requirements.txt
filetype==1.2.0
    # via langchain-google-genai
google-auth[requests]==2.56.3
    # via google-genai
google-genai==2.19.0
    # via langchain-google-genai
groq==0.37.1
    # via langchain-groq
h11==0.16.0
    # via
    #   httpcore
    #   uvicorn
h2==4.4.1
    # via httpx
hpack==4.2.0
    # via h2
httpcore==1.0.9
    # via httpx
httptools==0.8.0
    # via uvicorn
httpx[http2]==0.28.1
    # via
    #   -r requirements.txt
    #   google-genai
    #   groq
    #   langchain-core
    #   langgraph-sdk
    #   langsmith
    #   pinecone
hyperframe==6.1.0
    # via h2
idna==3.19
    # via
    #   anyio
    #   httpx
    #   requests
jsonpatch==1.33
    # via langchain-core
jsonpointer==3.1.1
    # via jsonpatch
langchain==1.3.16
    # via -r requirements.txt
langchain-core==1.6.0
    # via
    #   langchain
    #   langchain-google-genai
    #   langchain-groq
    #   langchain-text-splitters
    #   langgraph
    #   langgraph-checkpoint
    #   langgraph-prebuilt
    #   langgraph-sdk
langchain-google-genai==4.3.5
    # via -r requirements.txt
langchain-groq==1.1.3
    # via -r requirements.txt
langchain-protocol==0.0.18
    # via
    #   langchain-core
    #   langgraph-sdk
langchain-text-splitters==1.1.2
    # via -r requirements.txt
langgraph==1.2.11
    # via langchain
langgraph-checkpoint==4.2.0
    # via
    #   langgraph
    #   langgraph-prebuilt
langgraph-prebuilt==1.1.0
    # via langgraph
langgraph-sdk==0.4.3
    # via langgraph
langsmith==0.11.1
    # via langchain-core
msgspec==0.21.1
    # via pinecone
numpy==2.5.2
    # via -r requirements.txt
orjson==3.12.0
    # via
    #   langgraph-sdk
    #   langsmith
    #   pinecone
ormsgpack==1.12.2
    # via langgraph-checkpoint
packaging==26.3
    # via
    #   langchain-core
    #   langsmith
pinecone==9.1.0
    # via -r requirements.txt
pyasn1==0.6.4
    # via pyasn1-modules
pyasn1-modules==0.4.2
    # via google-auth
pycparser==3.0
    # via cffi
pydantic==2.13.4
    # via
    #   -r requirements.txt
    #   fastapi
    #   google-genai
    #   groq
    #   langchain
    #   langchain-core
    #   langchain-google-genai
    #   langgraph
    #   langsmith
    #   pydantic-settings
pydantic-core==2.46.4
    # via pydantic
pydantic-settings==2.15.0
    # via -r requirements.txt
pymupdf==1.28.2
    # via -r requirements.txt
python-dotenv==1.2.3
    # via
    #   -r requirements.txt
    #   pydantic-settings
    #   uvicorn
python-multipart==0.0.32
    # via -r requirements.txt
pyyaml==6.0.3
    # via
    #   langchain-core
    #   uvicorn
requests==2.34.2
    # via
    #   google-auth
    #   google-genai
    #   langsmith
    #   requests-toolbelt
requests-toolbelt==1.0.0
    # via langsmith
schedule==1.2.2
    # via -r requirements.txt
six==1.17.0
    # via cloudinary
sniffio==1.3.1
    # via
    #   google-genai
    #   groq
    #   langsmith
starlette==1.6.0
    # via fastapi
tenacity==9.1.4
    # via
    #   google-genai
    #   langchain-core
typing-extensions==4.16.0
    # via
    #   anyio
    #   fastapi
    #   google-genai
    #   groq
    #   langchain-core
    #   langchain-protocol
    #   langsmith
    #   pydantic
    #   pydantic-core
    #   starlette
    #   typing-inspection
typing-inspection==0.4.4
    # via
    #   fastapi
    #   pydantic
    #   pydantic-settings
urllib3==2.7.0
    # via
    #   cloudinary
    #   requests
uuid-utils==0.17.0
    # via
    #   langchain-core
    #   langsmith
uvicorn[standard]==0.52.4
    # via -r requirements.txt
uvloop==0.22.1
    # via uvicorn
watchfiles==1.2.0
    # via uvicorn
websockets==16.1.1
    # via
    #   google-genai
    #   langgraph-sdk
    #   langsmith
    #   uvicorn
xxhash==4.0.1
    # via
    #   langgraph
    #   langsmith
zstandard==0.25.0
    # via langsmith
